{
  "pins" : [
    {
      "identity" : "compose",
      "kind" : "remoteSourceControl",
      "location" : "https://github.com/wlsdms0122/Compose.git",
      "state" : {
        "revision" : "cecbf976de39433fa48f17af2b11c9e63e92b866",
        "version" : "1.6.1"
      }
    },
    {
      "identity" : "jstoast",
      "kind" : "remoteSourceControl",
      "location" : "https://github.com/wlsdms0122/JSToast.git",
      "state" : {
        "revision" : "3d2b1d8897c135baf20db6193b12e0b26dd232e5",
        "version" : "2.6.6"
      }
    },
    {
      "identity" : "lottie-ios",
      "kind" : "remoteSourceControl",
      "location" : "https://github.com/airbnb/lottie-ios.git",
      "state" : {
        "revision" : "4a6058cbbdfe4f74aeae92c8bd51ad3b0de2a1ee",
        "version" : "3.3.0"
      }
    },
    {
      "identity" : "reactorkit",
      "kind" : "remoteSourceControl",
      "location" : "https://github.com/ReactorKit/ReactorKit",
      "state" : {
        "revision" : "8fa33f09c6f6621a2aa536d739956d53b84dd139",
        "version" : "3.2.0"
      }
    },
    {
      "identity" : "rxswift",
      "kind" : "remoteSourceControl",
      "location" : "https://github.com/ReactiveX/RxSwift.git",
      "state" : {
        "revision" : "b4307ba0b6425c0ba4178e138799946c3da594f8",
        "version" : "6.5.0"
      }
    },
    {
      "identity" : "storage",
      "kind" : "remoteSourceControl",
      "location" : "https://github.com/wlsdms0122/Storage.git",
      "state" : {
        "revision" : "edc247b5972246a2a624ef7e413f7df97bf06724",
        "version" : "1.2.0"
      }
    },
    {
      "identity" : "validator",
      "kind" : "remoteSourceControl",
      "location" : "https://github.com/wlsdms0122/Validator.git",
      "state" : {
        "revision" : "fe821b2e3276c12d33f4d67711d6462f87c25a80",
        "version" : "1.0.3"
      }
    },
    {
      "identity" : "weakmaptable",
      "kind" : "remoteSourceControl",
      "location" : "https://github.com/ReactorKit/WeakMapTable.git",
      "state" : {
        "revision" : "cb05d64cef2bbf51e85c53adee937df46540a74e",
        "version" : "1.2.1"
      }
    }
  ],
  "version" : 2
}
